# THIS IS AN AUTOGENERATED FILE. DO NOT EDIT THIS FILE DIRECTLY.
# yarn lockfile v1


"@types/node@^13.1.2":
  version "13.1.2"
  resolved "https://registry.npm.taobao.org/@types/node/download/@types/node-13.1.2.tgz#fe94285bf5e0782e1a9e5a8c482b1c34465fa385"
  integrity sha1-/pQoW/XgeC4anlqMSCscNEZfo4U=

inversify@^5.0.1:
  version "5.0.1"
  resolved "https://registry.npm.taobao.org/inversify/download/inversify-5.0.1.tgz#500d709b1434896ce5a0d58915c4a4210e34fb6e"
  integrity sha1-UA1wmxQ0iWzloNWJFcSkIQ40+24=

reflect-metadata@^0.1.13:
  version "0.1.13"
  resolved "https://registry.npm.taobao.org/reflect-metadata/download/reflect-metadata-0.1.13.tgz#67ae3ca57c972a2aa1642b10fe363fe32d49dc08"
  integrity sha1-Z648pXyXKiqhZCsQ/jY/4y1J3Ag=

tslib@^1.10.0:
  version "1.10.0"
  resolved "https://registry.npm.taobao.org/tslib/download/tslib-1.10.0.tgz#c3c19f95973fb0a62973fb09d90d961ee43e5c8a"
  integrity sha1-w8GflZc/sKYpc/sJ2Q2WHuQ+XIo=
